# THIS IS AN AUTOGENERATED FILE. DO NOT EDIT THIS FILE DIRECTLY.
# yarn lockfile v1


"dependabot-test-package@git+https://reireias@github.com/reireias/dependabot-test-package#v1.0.0":
  version "1.0.0"
  resolved "git+https://reireias@github.com/reireias/dependabot-test-package#62f4736240b554eb8d65885ad11d0517a5d95b10"
